
Microsoft Visual Studio Solution File, Format Version 12.00
# Visual Studio Version 17
VisualStudioVersion = 17.4.33205.214
MinimumVisualStudioVersion = 10.0.40219.1
Project("{FAE04EC0-301F-11D3-BF4B-00C04F79EFBC}") = "FanucCncInterface", "FanucCncInterface\FanucCncInterface.csproj", "{DB19DE64-C641-490F-A117-54CEEFF6D422}"
EndProject
Global
	GlobalSection(SolutionConfigurationPlatforms) = preSolution
		Debug|Any CPU = Debug|Any CPU
		Release|Any CPU = Release|Any CPU
	EndGlobalSection
	GlobalSection(ProjectConfigurationPlatforms) = postSolution
		{DB19DE64-C641-490F-A117-54CEEFF6D422}.Debug|Any CPU.ActiveCfg = Debug|Any CPU
		{DB19DE64-C641-490F-A117-54CEEFF6D422}.Debug|Any CPU.Build.0 = Debug|Any CPU
		{DB19DE64-C641-490F-A117-54CEEFF6D422}.Release|Any CPU.ActiveCfg = Release|Any CPU
		{DB19DE64-C641-490F-A117-54CEEFF6D422}.Release|Any CPU.Build.0 = Release|Any CPU
	EndGlobalSection
	GlobalSection(SolutionProperties) = preSolution
		HideSolutionNode = FALSE
	EndGlobalSection
	GlobalSection(ExtensibilityGlobals) = postSolution
		SolutionGuid = {F857C9E2-9138-4B7A-B751-BC140512AC1D}
	EndGlobalSection
EndGlobal
